
Microsoft Visual Studio Solution File, Format Version 11.00
# Visual Studio 2010
Project("{FAE04EC0-301F-11D3-BF4B-00C04F79EFBC}") = "CompactNHunspell", "CompactNHunspell\CompactNHunspell.csproj", "{CE5F90DB-CB89-4911-8434-0ADA2F276922}"
EndProject
Project("{FAE04EC0-301F-11D3-BF4B-00C04F79EFBC}") = "CompactNHunspell.Harness", "CompactNHunspell.Harness\CompactNHunspell.Harness.csproj", "{9227ED29-F416-423A-8450-6CCB8A412411}"
Project("{FAE04EC0-301F-11D3-BF4B-00C04F79EFBC}") = "CompactNHunspell.Test", "CompactNHunspell.Test\CompactNHunspell.Test.csproj", "{56FAE14C-CC9F-4137-90D3-036051204B2C}"
EndProject
Global
	GlobalSection(SolutionConfigurationPlatforms) = preSolution
		Debug|Any CPU = Debug|Any CPU
		Debug|Mixed Platforms = Debug|Mixed Platforms
		Debug|x86 = Debug|x86
		Release|Any CPU = Release|Any CPU
		Release|Mixed Platforms = Release|Mixed Platforms
		Release|x86 = Release|x86
	EndGlobalSection
	GlobalSection(ProjectConfigurationPlatforms) = postSolution
		{CE5F90DB-CB89-4911-8434-0ADA2F276922}.Debug|Any CPU.ActiveCfg = Debug|Any CPU
		{CE5F90DB-CB89-4911-8434-0ADA2F276922}.Debug|Any CPU.Build.0 = Debug|Any CPU
		{CE5F90DB-CB89-4911-8434-0ADA2F276922}.Debug|Mixed Platforms.ActiveCfg = Debug|Any CPU
		{CE5F90DB-CB89-4911-8434-0ADA2F276922}.Debug|Mixed Platforms.Build.0 = Debug|Any CPU
		{CE5F90DB-CB89-4911-8434-0ADA2F276922}.Debug|x86.ActiveCfg = Debug|Any CPU
		{CE5F90DB-CB89-4911-8434-0ADA2F276922}.Release|Any CPU.ActiveCfg = Release|Any CPU
		{CE5F90DB-CB89-4911-8434-0ADA2F276922}.Release|Any CPU.Build.0 = Release|Any CPU
		{CE5F90DB-CB89-4911-8434-0ADA2F276922}.Release|Mixed Platforms.ActiveCfg = Release|Any CPU
		{CE5F90DB-CB89-4911-8434-0ADA2F276922}.Release|Mixed Platforms.Build.0 = Release|Any CPU
		{CE5F90DB-CB89-4911-8434-0ADA2F276922}.Release|x86.ActiveCfg = Release|Any CPU
		{9227ED29-F416-423A-8450-6CCB8A412411}.Debug|Any CPU.ActiveCfg = Debug|x86
		{9227ED29-F416-423A-8450-6CCB8A412411}.Debug|Mixed Platforms.ActiveCfg = Debug|x86
		{9227ED29-F416-423A-8450-6CCB8A412411}.Debug|Mixed Platforms.Build.0 = Debug|x86
		{9227ED29-F416-423A-8450-6CCB8A412411}.Debug|x86.ActiveCfg = Debug|x86
		{9227ED29-F416-423A-8450-6CCB8A412411}.Debug|x86.Build.0 = Debug|x86
		{9227ED29-F416-423A-8450-6CCB8A412411}.Release|Any CPU.ActiveCfg = Release|x86
		{9227ED29-F416-423A-8450-6CCB8A412411}.Release|Mixed Platforms.ActiveCfg = Release|x86
		{9227ED29-F416-423A-8450-6CCB8A412411}.Release|Mixed Platforms.Build.0 = Release|x86
		{9227ED29-F416-423A-8450-6CCB8A412411}.Release|x86.ActiveCfg = Release|x86
		{9227ED29-F416-423A-8450-6CCB8A412411}.Release|x86.Build.0 = Release|x86
		{56FAE14C-CC9F-4137-90D3-036051204B2C}.Debug|Any CPU.ActiveCfg = Debug|Any CPU
		{56FAE14C-CC9F-4137-90D3-036051204B2C}.Debug|Any CPU.Build.0 = Debug|Any CPU
		{56FAE14C-CC9F-4137-90D3-036051204B2C}.Debug|Mixed Platforms.ActiveCfg = Debug|Any CPU
		{56FAE14C-CC9F-4137-90D3-036051204B2C}.Debug|Mixed Platforms.Build.0 = Debug|Any CPU
		{56FAE14C-CC9F-4137-90D3-036051204B2C}.Debug|x86.ActiveCfg = Debug|Any CPU
		{56FAE14C-CC9F-4137-90D3-036051204B2C}.Release|Any CPU.ActiveCfg = Release|Any CPU
		{56FAE14C-CC9F-4137-90D3-036051204B2C}.Release|Any CPU.Build.0 = Release|Any CPU
		{56FAE14C-CC9F-4137-90D3-036051204B2C}.Release|Mixed Platforms.ActiveCfg = Release|Any CPU
		{56FAE14C-CC9F-4137-90D3-036051204B2C}.Release|Mixed Platforms.Build.0 = Release|Any CPU
		{56FAE14C-CC9F-4137-90D3-036051204B2C}.Release|x86.ActiveCfg = Release|Any CPU
	EndGlobalSection
	EndGlobalSection
	GlobalSection(SolutionProperties) = preSolution
		HideSolutionNode = FALSE
	EndGlobalSection
	GlobalSection(MonoDevelopProperties) = preSolution
		StartupItem = CompactNHunspell\CompactNHunspell.csproj
	EndGlobalSection
EndGlobal
